// !$*UTF8*$!
{
	archiveVersion = 1;
	classes = {
	};
	objectVersion = 46;
	objects = {

/* Begin PBXBuildFile section */
		5FDAD190179EAB4F00D81935 /* UIKit.framework in Frameworks */ = {isa = PBXBuildFile; fileRef = 5FDAD18F179EAB4F00D81935 /* UIKit.framework */; };
		5FDAD192179EAB4F00D81935 /* Foundation.framework in Frameworks */ = {isa = PBXBuildFile; fileRef = 5FDAD191179EAB4F00D81935 /* Foundation.framework */; };
		5FDAD194179EAB4F00D81935 /* CoreGraphics.framework in Frameworks */ = {isa = PBXBuildFile; fileRef = 5FDAD193179EAB4F00D81935 /* CoreGraphics.framework */; };
		5FDAD19A179EAB4F00D81935 /* InfoPlist.strings in Resources */ = {isa = PBXBuildFile; fileRef = 5FDAD198179EAB4F00D81935 /* InfoPlist.strings */; };
		5FDAD1A2179EAB5000D81935 /* Default.png in Resources */ = {isa = PBXBuildFile; fileRef = 5FDAD1A1179EAB5000D81935 /* Default.png */; };
		5FDAD1A4179EAB5000D81935 /* Default@2x.png in Resources */ = {isa = PBXBuildFile; fileRef = 5FDAD1A3179EAB5000D81935 /* Default@2x.png */; };
		5FDAD1A6179EAB5000D81935 /* Default-568h@2x.png in Resources */ = {isa = PBXBuildFile; fileRef = 5FDAD1A5179EAB5000D81935 /* Default-568h@2x.png */; };
		5FDAD1AC179EAB5000D81935 /* FTViewController.xib in Resources */ = {isa = PBXBuildFile; fileRef = 5FDAD1AA179EAB5000D81935 /* FTViewController.xib */; };
		5FDAD1E4179ECEAC00D81935 /* Gotham-Book.otf in Resources */ = {isa = PBXBuildFile; fileRef = 5FDAD1B5179ECEAC00D81935 /* Gotham-Book.otf */; };
		5FDAD1E5179ECEAC00D81935 /* app-bg-pattern.png in Resources */ = {isa = PBXBuildFile; fileRef = 5FDAD1B7179ECEAC00D81935 /* app-bg-pattern.png */; };
		5FDAD1E6179ECEAC00D81935 /* app-bg-pattern@2x.png in Resources */ = {isa = PBXBuildFile; fileRef = 5FDAD1B8179ECEAC00D81935 /* app-bg-pattern@2x.png */; };
		5FDAD1E9179ECEAC00D81935 /* checkin-places-refresh-arrow-down.png in Resources */ = {isa = PBXBuildFile; fileRef = 5FDAD1BB179ECEAC00D81935 /* checkin-places-refresh-arrow-down.png */; };
		5FDAD1EA179ECEAC00D81935 /* checkin-places-refresh-arrow-down@2x.png in Resources */ = {isa = PBXBuildFile; fileRef = 5FDAD1BC179ECEAC00D81935 /* checkin-places-refresh-arrow-down@2x.png */; };
		5FDAD1EF179ECEAC00D81935 /* exp-toc-search-icon.png in Resources */ = {isa = PBXBuildFile; fileRef = 5FDAD1C1179ECEAC00D81935 /* exp-toc-search-icon.png */; };
		5FDAD1F0179ECEAC00D81935 /* exp-toc-search-icon@2x.png in Resources */ = {isa = PBXBuildFile; fileRef = 5FDAD1C2179ECEAC00D81935 /* exp-toc-search-icon@2x.png */; };
		5FDAD1F1179ECEAC00D81935 /* global-search-background.png in Resources */ = {isa = PBXBuildFile; fileRef = 5FDAD1C3179ECEAC00D81935 /* global-search-background.png */; };
		5FDAD1F2179ECEAC00D81935 /* global-search-background@2x.png in Resources */ = {isa = PBXBuildFile; fileRef = 5FDAD1C4179ECEAC00D81935 /* global-search-background@2x.png */; };
		5FDAD1F3179ECEAC00D81935 /* mappin-blue-large.png in Resources */ = {isa = PBXBuildFile; fileRef = 5FDAD1C5179ECEAC00D81935 /* mappin-blue-large.png */; };
		5FDAD1F4179ECEAC00D81935 /* mappin-blue-large@2x.png in Resources */ = {isa = PBXBuildFile; fileRef = 5FDAD1C6179ECEAC00D81935 /* mappin-blue-large@2x.png */; };
		5FDAD1F5179ECEAC00D81935 /* mappin-blue.png in Resources */ = {isa = PBXBuildFile; fileRef = 5FDAD1C7179ECEAC00D81935 /* mappin-blue.png */; };
		5FDAD1F6179ECEAC00D81935 /* mappin-blue@2x.png in Resources */ = {isa = PBXBuildFile; fileRef = 5FDAD1C8179ECEAC00D81935 /* mappin-blue@2x.png */; };
		5FDAD1F7179ECEAC00D81935 /* mappin-orange-large.png in Resources */ = {isa = PBXBuildFile; fileRef = 5FDAD1C9179ECEAC00D81935 /* mappin-orange-large.png */; };
		5FDAD1F8179ECEAC00D81935 /* mappin-orange-large@2x.png in Resources */ = {isa = PBXBuildFile; fileRef = 5FDAD1CA179ECEAC00D81935 /* mappin-orange-large@2x.png */; };
		5FDAD1F9179ECEAC00D81935 /* mappin-orange.png in Resources */ = {isa = PBXBuildFile; fileRef = 5FDAD1CB179ECEAC00D81935 /* mappin-orange.png */; };
		5FDAD1FA179ECEAC00D81935 /* mappin-orange@2x.png in Resources */ = {isa = PBXBuildFile; fileRef = 5FDAD1CC179ECEAC00D81935 /* mappin-orange@2x.png */; };
		5FDAD1FB179ECEAC00D81935 /* mappin-user.png in Resources */ = {isa = PBXBuildFile; fileRef = 5FDAD1CD179ECEAC00D81935 /* mappin-user.png */; };
		5FDAD1FC179ECEAC00D81935 /* mappin-user@2x.png in Resources */ = {isa = PBXBuildFile; fileRef = 5FDAD1CE179ECEAC00D81935 /* mappin-user@2x.png */; };
		5FDAD1FF179ECEAC00D81935 /* navigationbar.png in Resources */ = {isa = PBXBuildFile; fileRef = 5FDAD1D1179ECEAC00D81935 /* navigationbar.png */; };
		5FDAD200179ECEAC00D81935 /* navigationbar@2x.png in Resources */ = {isa = PBXBuildFile; fileRef = 5FDAD1D2179ECEAC00D81935 /* navigationbar@2x.png */; };
		5FDAD201179ECEAC00D81935 /* pin-multiple-special.png in Resources */ = {isa = PBXBuildFile; fileRef = 5FDAD1D3179ECEAC00D81935 /* pin-multiple-special.png */; };
		5FDAD202179ECEAC00D81935 /* pin-multiple-special@2x.png in Resources */ = {isa = PBXBuildFile; fileRef = 5FDAD1D4179ECEAC00D81935 /* pin-multiple-special@2x.png */; };
		5FDAD203179ECEAC00D81935 /* pin-multiple.png in Resources */ = {isa = PBXBuildFile; fileRef = 5FDAD1D5179ECEAC00D81935 /* pin-multiple.png */; };
		5FDAD204179ECEAC00D81935 /* pin-multiple@2x.png in Resources */ = {isa = PBXBuildFile; fileRef = 5FDAD1D6179ECEAC00D81935 /* pin-multiple@2x.png */; };
		5FDAD205179ECEAC00D81935 /* pin-single-special.png in Resources */ = {isa = PBXBuildFile; fileRef = 5FDAD1D7179ECEAC00D81935 /* pin-single-special.png */; };
		5FDAD206179ECEAC00D81935 /* pin-single-special@2x.png in Resources */ = {isa = PBXBuildFile; fileRef = 5FDAD1D8179ECEAC00D81935 /* pin-single-special@2x.png */; };
		5FDAD207179ECEAC00D81935 /* pin-single.png in Resources */ = {isa = PBXBuildFile; fileRef = 5FDAD1D9179ECEAC00D81935 /* pin-single.png */; };
		5FDAD208179ECEAC00D81935 /* pin-single@2x.png in Resources */ = {isa = PBXBuildFile; fileRef = 5FDAD1DA179ECEAC00D81935 /* pin-single@2x.png */; };
		5FDAD209179ECEAC00D81935 /* special-banner-big.png in Resources */ = {isa = PBXBuildFile; fileRef = 5FDAD1DB179ECEAC00D81935 /* special-banner-big.png */; };
		5FDAD20A179ECEAC00D81935 /* special-banner-big@2x.png in Resources */ = {isa = PBXBuildFile; fileRef = 5FDAD1DC179ECEAC00D81935 /* special-banner-big@2x.png */; };
		5FDAD20B179ECEAC00D81935 /* special-banner.png in Resources */ = {isa = PBXBuildFile; fileRef = 5FDAD1DD179ECEAC00D81935 /* special-banner.png */; };
		5FDAD20C179ECEAC00D81935 /* special-banner@2x.png in Resources */ = {isa = PBXBuildFile; fileRef = 5FDAD1DE179ECEAC00D81935 /* special-banner@2x.png */; };
		5FDAD20D179ECEAC00D81935 /* status_view_whoshere.png in Resources */ = {isa = PBXBuildFile; fileRef = 5FDAD1DF179ECEAC00D81935 /* status_view_whoshere.png */; };
		5FDAD20E179ECEAC00D81935 /* status_view_whoshere@2x.png in Resources */ = {isa = PBXBuildFile; fileRef = 5FDAD1E0179ECEAC00D81935 /* status_view_whoshere@2x.png */; };
		5FDAD20F179ECEAC00D81935 /* venue-specialbanner.png in Resources */ = {isa = PBXBuildFile; fileRef = 5FDAD1E1179ECEAC00D81935 /* venue-specialbanner.png */; };
		5FDAD210179ECEAC00D81935 /* venue-specialbanner@2x.png in Resources */ = {isa = PBXBuildFile; fileRef = 5FDAD1E2179ECEAC00D81935 /* venue-specialbanner@2x.png */; };
		5FDAD21D179ECEB300D81935 /* FTViewController.m in Sources */ = {isa = PBXBuildFile; fileRef = 5FDAD214179ECEB300D81935 /* FTViewController.m */; };
		5FDAD21F179ECEB300D81935 /* FTAppDelegate.m in Sources */ = {isa = PBXBuildFile; fileRef = 5FDAD21A179ECEB300D81935 /* FTAppDelegate.m */; };
		5FDAD220179ECEB300D81935 /* main.m in Sources */ = {isa = PBXBuildFile; fileRef = 5FDAD21B179ECEB300D81935 /* main.m */; };
		5FDAD239179ECEBF00D81935 /* AFHTTPClient.m in Sources */ = {isa = PBXBuildFile; fileRef = 5FDAD224179ECEBF00D81935 /* AFHTTPClient.m */; settings = {COMPILER_FLAGS = "-fobjc-arc"; }; };
		5FDAD23A179ECEBF00D81935 /* AFHTTPRequestOperation.m in Sources */ = {isa = PBXBuildFile; fileRef = 5FDAD226179ECEBF00D81935 /* AFHTTPRequestOperation.m */; settings = {COMPILER_FLAGS = "-fobjc-arc"; }; };
		5FDAD23B179ECEBF00D81935 /* AFImageRequestOperation.m in Sources */ = {isa = PBXBuildFile; fileRef = 5FDAD228179ECEBF00D81935 /* AFImageRequestOperation.m */; settings = {COMPILER_FLAGS = "-fobjc-arc"; }; };
		5FDAD23C179ECEBF00D81935 /* AFJSONRequestOperation.m in Sources */ = {isa = PBXBuildFile; fileRef = 5FDAD22A179ECEBF00D81935 /* AFJSONRequestOperation.m */; settings = {COMPILER_FLAGS = "-fobjc-arc"; }; };
		5FDAD23D179ECEBF00D81935 /* AFNetworkActivityIndicatorManager.m in Sources */ = {isa = PBXBuildFile; fileRef = 5FDAD22C179ECEBF00D81935 /* AFNetworkActivityIndicatorManager.m */; settings = {COMPILER_FLAGS = "-fobjc-arc"; }; };
		5FDAD23E179ECEBF00D81935 /* AFPropertyListRequestOperation.m in Sources */ = {isa = PBXBuildFile; fileRef = 5FDAD22F179ECEBF00D81935 /* AFPropertyListRequestOperation.m */; settings = {COMPILER_FLAGS = "-fobjc-arc"; }; };
		5FDAD23F179ECEBF00D81935 /* AFURLConnectionOperation.m in Sources */ = {isa = PBXBuildFile; fileRef = 5FDAD231179ECEBF00D81935 /* AFURLConnectionOperation.m */; settings = {COMPILER_FLAGS = "-fobjc-arc"; }; };
		5FDAD240179ECEBF00D81935 /* AFXMLRequestOperation.m in Sources */ = {isa = PBXBuildFile; fileRef = 5FDAD233179ECEBF00D81935 /* AFXMLRequestOperation.m */; settings = {COMPILER_FLAGS = "-fobjc-arc"; }; };
		5FDAD241179ECEBF00D81935 /* UIImageView+AFNetworking.m in Sources */ = {isa = PBXBuildFile; fileRef = 5FDAD235179ECEBF00D81935 /* UIImageView+AFNetworking.m */; };
		5FDAD242179ECEBF00D81935 /* Reachability.m in Sources */ = {isa = PBXBuildFile; fileRef = 5FDAD238179ECEBF00D81935 /* Reachability.m */; };
		5FDAD244179ECED300D81935 /* Icon.png in Resources */ = {isa = PBXBuildFile; fileRef = 5FDAD243179ECED300D81935 /* Icon.png */; };
		5FDAD246179ECEDE00D81935 /* Icon@2x.png in Resources */ = {isa = PBXBuildFile; fileRef = 5FDAD245179ECEDD00D81935 /* Icon@2x.png */; };
		5FDAD24A179ED72800D81935 /* MobileCoreServices.framework in Frameworks */ = {isa = PBXBuildFile; fileRef = 5FDAD249179ED72800D81935 /* MobileCoreServices.framework */; };
		5FDAD24C179ED72E00D81935 /* CoreLocation.framework in Frameworks */ = {isa = PBXBuildFile; fileRef = 5FDAD24B179ED72E00D81935 /* CoreLocation.framework */; };
		5FDAD24E179ED73800D81935 /* SystemConfiguration.framework in Frameworks */ = {isa = PBXBuildFile; fileRef = 5FDAD24D179ED73800D81935 /* SystemConfiguration.framework */; };
		5FDAD250179ED74F00D81935 /* Security.framework in Frameworks */ = {isa = PBXBuildFile; fileRef = 5FDAD24F179ED74F00D81935 /* Security.framework */; };
		5FDAD27C179F06B300D81935 /* MapKit.framework in Frameworks */ = {isa = PBXBuildFile; fileRef = 5FDAD27B179F06B300D81935 /* MapKit.framework */; };
		5FDAD27F179F098B00D81935 /* FTDataManager.m in Sources */ = {isa = PBXBuildFile; fileRef = 5FDAD27E179F098B00D81935 /* FTDataManager.m */; };
		5FDAD282179F110800D81935 /* FTVenueTableCell.m in Sources */ = {isa = PBXBuildFile; fileRef = 5FDAD281179F110800D81935 /* FTVenueTableCell.m */; };
		5FDAD289179F26BF00D81935 /* table-cell-bottom.png in Resources */ = {isa = PBXBuildFile; fileRef = 5FDAD285179F26BF00D81935 /* table-cell-bottom.png */; };
		5FDAD28A179F26BF00D81935 /* table-cell-middle.png in Resources */ = {isa = PBXBuildFile; fileRef = 5FDAD286179F26BF00D81935 /* table-cell-middle.png */; };
		5FDAD28B179F26BF00D81935 /* table-cell-single.png in Resources */ = {isa = PBXBuildFile; fileRef = 5FDAD287179F26BF00D81935 /* table-cell-single.png */; };
		5FDAD28C179F26BF00D81935 /* table-cell-top.png in Resources */ = {isa = PBXBuildFile; fileRef = 5FDAD288179F26BF00D81935 /* table-cell-top.png */; };
		5FDAD290179F337A00D81935 /* Localizable.strings in Resources */ = {isa = PBXBuildFile; fileRef = 5FDAD292179F337A00D81935 /* Localizable.strings */; };
		5FDAD298179F34DD00D81935 /* cancel-bg-pressed.png in Resources */ = {isa = PBXBuildFile; fileRef = 5FDAD294179F34DD00D81935 /* cancel-bg-pressed.png */; };
		5FDAD299179F34DD00D81935 /* cancel-bg-pressed@2x.png in Resources */ = {isa = PBXBuildFile; fileRef = 5FDAD295179F34DD00D81935 /* cancel-bg-pressed@2x.png */; };
		5FDAD29A179F34DD00D81935 /* cancel-bg.png in Resources */ = {isa = PBXBuildFile; fileRef = 5FDAD296179F34DD00D81935 /* cancel-bg.png */; };
		5FDAD29B179F34DD00D81935 /* cancel-bg@2x.png in Resources */ = {isa = PBXBuildFile; fileRef = 5FDAD297179F34DD00D81935 /* cancel-bg@2x.png */; };
		5FDAD29F179F421A00D81935 /* FTAuxTableViewController.m in Sources */ = {isa = PBXBuildFile; fileRef = 5FDAD29E179F421A00D81935 /* FTAuxTableViewController.m */; };
		5FDAD2A3179F481B00D81935 /* EGORefreshTableHeaderView.m in Sources */ = {isa = PBXBuildFile; fileRef = 5FDAD2A2179F481B00D81935 /* EGORefreshTableHeaderView.m */; };
		5FDAD2A6179F62AF00D81935 /* FTUtilities.m in Sources */ = {isa = PBXBuildFile; fileRef = 5FDAD2A5179F62AF00D81935 /* FTUtilities.m */; };
		5FDAD2A9179F6ABC00D81935 /* search-field.png in Resources */ = {isa = PBXBuildFile; fileRef = 5FDAD2A7179F6ABC00D81935 /* search-field.png */; };
		5FDAD2AA179F6ABC00D81935 /* search-field@2x.png in Resources */ = {isa = PBXBuildFile; fileRef = 5FDAD2A8179F6ABC00D81935 /* search-field@2x.png */; };
		5FDAD2AF179F7D6400D81935 /* table-cell-bottom-sel.png in Resources */ = {isa = PBXBuildFile; fileRef = 5FDAD2AB179F7D6400D81935 /* table-cell-bottom-sel.png */; };
		5FDAD2B0179F7D6400D81935 /* table-cell-middle-sel.png in Resources */ = {isa = PBXBuildFile; fileRef = 5FDAD2AC179F7D6400D81935 /* table-cell-middle-sel.png */; };
		5FDAD2B1179F7D6400D81935 /* table-cell-single-sel.png in Resources */ = {isa = PBXBuildFile; fileRef = 5FDAD2AD179F7D6400D81935 /* table-cell-single-sel.png */; };
		5FDAD2B2179F7D6400D81935 /* table-cell-top-sel.png in Resources */ = {isa = PBXBuildFile; fileRef = 5FDAD2AE179F7D6400D81935 /* table-cell-top-sel.png */; };
		5FDAD2B4179F7EA300D81935 /* separator.png in Resources */ = {isa = PBXBuildFile; fileRef = 5FDAD2B3179F7EA300D81935 /* separator.png */; };
		5FDAD2B6179F862E00D81935 /* QuartzCore.framework in Frameworks */ = {isa = PBXBuildFile; fileRef = 5FDAD2B5179F862E00D81935 /* QuartzCore.framework */; };
		5FDAD2B9179F873C00D81935 /* venue-img-bg.png in Resources */ = {isa = PBXBuildFile; fileRef = 5FDAD2B7179F873C00D81935 /* venue-img-bg.png */; };
		5FDAD2BA179F873C00D81935 /* venue-img-bg@2x.png in Resources */ = {isa = PBXBuildFile; fileRef = 5FDAD2B8179F873C00D81935 /* venue-img-bg@2x.png */; };
		5FDAD2BD179F891600D81935 /* category-none.png in Resources */ = {isa = PBXBuildFile; fileRef = 5FDAD2BB179F891600D81935 /* category-none.png */; };
		5FDAD2BE179F891600D81935 /* category-none@2x.png in Resources */ = {isa = PBXBuildFile; fileRef = 5FDAD2BC179F891600D81935 /* category-none@2x.png */; };
		5FDAD2C0179FA0DE00D81935 /* FTVenueTableCell.xib in Resources */ = {isa = PBXBuildFile; fileRef = 5FDAD2BF179FA0DE00D81935 /* FTVenueTableCell.xib */; };
		5FDAD2C3179FB99200D81935 /* MKMapView+Zooming.m in Sources */ = {isa = PBXBuildFile; fileRef = 5FDAD2C2179FB99100D81935 /* MKMapView+Zooming.m */; };
		5FDAD2CA179FBB4600D81935 /* English Bay.gpx in Resources */ = {isa = PBXBuildFile; fileRef = 5FDAD2C5179FBB4600D81935 /* English Bay.gpx */; };
		5FDAD2CB179FBB4600D81935 /* Pacific Spirit Park.gpx in Resources */ = {isa = PBXBuildFile; fileRef = 5FDAD2C6179FBB4600D81935 /* Pacific Spirit Park.gpx */; };
		5FDAD2CC179FBB4600D81935 /* Somewhere in Vancouver.gpx in Resources */ = {isa = PBXBuildFile; fileRef = 5FDAD2C7179FBB4600D81935 /* Somewhere in Vancouver.gpx */; };
		5FDAD2CD179FBB4600D81935 /* Челябинск, Кирова.gpx in Resources */ = {isa = PBXBuildFile; fileRef = 5FDAD2C8179FBB4600D81935 /* Челябинск, Кирова.gpx */; };
		5FDAD2CE179FBB4600D81935 /* Bresje, Jagodina.gpx in Resources */ = {isa = PBXBuildFile; fileRef = 5FDAD2C9179FBB4600D81935 /* Bresje, Jagodina.gpx */; };
		5FDAD2D1179FC37D00D81935 /* FTAnnotation.m in Sources */ = {isa = PBXBuildFile; fileRef = 5FDAD2D0179FC37C00D81935 /* FTAnnotation.m */; };
/* End PBXBuildFile section */

/* Begin PBXFileReference section */
		5FDAD18C179EAB4F00D81935 /* FoursquareTest.app */ = {isa = PBXFileReference; explicitFileType = wrapper.application; includeInIndex = 0; path = FoursquareTest.app; sourceTree = BUILT_PRODUCTS_DIR; };
		5FDAD18F179EAB4F00D81935 /* UIKit.framework */ = {isa = PBXFileReference; lastKnownFileType = wrapper.framework; name = UIKit.framework; path = System/Library/Frameworks/UIKit.framework; sourceTree = SDKROOT; };
		5FDAD191179EAB4F00D81935 /* Foundation.framework */ = {isa = PBXFileReference; lastKnownFileType = wrapper.framework; name = Foundation.framework; path = System/Library/Frameworks/Foundation.framework; sourceTree = SDKROOT; };
		5FDAD193179EAB4F00D81935 /* CoreGraphics.framework */ = {isa = PBXFileReference; lastKnownFileType = wrapper.framework; name = CoreGraphics.framework; path = System/Library/Frameworks/CoreGraphics.framework; sourceTree = SDKROOT; };
		5FDAD199179EAB4F00D81935 /* en */ = {isa = PBXFileReference; lastKnownFileType = text.plist.strings; name = en; path = en.lproj/InfoPlist.strings; sourceTree = "<group>"; };
		5FDAD1A1179EAB5000D81935 /* Default.png */ = {isa = PBXFileReference; lastKnownFileType = image.png; path = Default.png; sourceTree = "<group>"; };
		5FDAD1A3179EAB5000D81935 /* Default@2x.png */ = {isa = PBXFileReference; lastKnownFileType = image.png; path = "Default@2x.png"; sourceTree = "<group>"; };
		5FDAD1A5179EAB5000D81935 /* Default-568h@2x.png */ = {isa = PBXFileReference; lastKnownFileType = image.png; path = "Default-568h@2x.png"; sourceTree = "<group>"; };
		5FDAD1AB179EAB5000D81935 /* en */ = {isa = PBXFileReference; lastKnownFileType = file.xib; name = en; path = en.lproj/FTViewController.xib; sourceTree = "<group>"; };
		5FDAD1B5179ECEAC00D81935 /* Gotham-Book.otf */ = {isa = PBXFileReference; lastKnownFileType = file; path = "Gotham-Book.otf"; sourceTree = "<group>"; };
		5FDAD1B7179ECEAC00D81935 /* app-bg-pattern.png */ = {isa = PBXFileReference; lastKnownFileType = image.png; path = "app-bg-pattern.png"; sourceTree = "<group>"; };
		5FDAD1B8179ECEAC00D81935 /* app-bg-pattern@2x.png */ = {isa = PBXFileReference; lastKnownFileType = image.png; path = "app-bg-pattern@2x.png"; sourceTree = "<group>"; };
		5FDAD1BB179ECEAC00D81935 /* checkin-places-refresh-arrow-down.png */ = {isa = PBXFileReference; lastKnownFileType = image.png; path = "checkin-places-refresh-arrow-down.png"; sourceTree = "<group>"; };
		5FDAD1BC179ECEAC00D81935 /* checkin-places-refresh-arrow-down@2x.png */ = {isa = PBXFileReference; lastKnownFileType = image.png; path = "checkin-places-refresh-arrow-down@2x.png"; sourceTree = "<group>"; };
		5FDAD1C1179ECEAC00D81935 /* exp-toc-search-icon.png */ = {isa = PBXFileReference; lastKnownFileType = image.png; path = "exp-toc-search-icon.png"; sourceTree = "<group>"; };
		5FDAD1C2179ECEAC00D81935 /* exp-toc-search-icon@2x.png */ = {isa = PBXFileReference; lastKnownFileType = image.png; path = "exp-toc-search-icon@2x.png"; sourceTree = "<group>"; };
		5FDAD1C3179ECEAC00D81935 /* global-search-background.png */ = {isa = PBXFileReference; lastKnownFileType = image.png; path = "global-search-background.png"; sourceTree = "<group>"; };
		5FDAD1C4179ECEAC00D81935 /* global-search-background@2x.png */ = {isa = PBXFileReference; lastKnownFileType = image.png; path = "global-search-background@2x.png"; sourceTree = "<group>"; };
		5FDAD1C5179ECEAC00D81935 /* mappin-blue-large.png */ = {isa = PBXFileReference; lastKnownFileType = image.png; path = "mappin-blue-large.png"; sourceTree = "<group>"; };
		5FDAD1C6179ECEAC00D81935 /* mappin-blue-large@2x.png */ = {isa = PBXFileReference; lastKnownFileType = image.png; path = "mappin-blue-large@2x.png"; sourceTree = "<group>"; };
		5FDAD1C7179ECEAC00D81935 /* mappin-blue.png */ = {isa = PBXFileReference; lastKnownFileType = image.png; path = "mappin-blue.png"; sourceTree = "<group>"; };
		5FDAD1C8179ECEAC00D81935 /* mappin-blue@2x.png */ = {isa = PBXFileReference; lastKnownFileType = image.png; path = "mappin-blue@2x.png"; sourceTree = "<group>"; };
		5FDAD1C9179ECEAC00D81935 /* mappin-orange-large.png */ = {isa = PBXFileReference; lastKnownFileType = image.png; path = "mappin-orange-large.png"; sourceTree = "<group>"; };
		5FDAD1CA179ECEAC00D81935 /* mappin-orange-large@2x.png */ = {isa = PBXFileReference; lastKnownFileType = image.png; path = "mappin-orange-large@2x.png"; sourceTree = "<group>"; };
		5FDAD1CB179ECEAC00D81935 /* mappin-orange.png */ = {isa = PBXFileReference; lastKnownFileType = image.png; path = "mappin-orange.png"; sourceTree = "<group>"; };
		5FDAD1CC179ECEAC00D81935 /* mappin-orange@2x.png */ = {isa = PBXFileReference; lastKnownFileType = image.png; path = "mappin-orange@2x.png"; sourceTree = "<group>"; };
		5FDAD1CD179ECEAC00D81935 /* mappin-user.png */ = {isa = PBXFileReference; lastKnownFileType = image.png; path = "mappin-user.png"; sourceTree = "<group>"; };
		5FDAD1CE179ECEAC00D81935 /* mappin-user@2x.png */ = {isa = PBXFileReference; lastKnownFileType = image.png; path = "mappin-user@2x.png"; sourceTree = "<group>"; };
		5FDAD1D1179ECEAC00D81935 /* navigationbar.png */ = {isa = PBXFileReference; lastKnownFileType = image.png; path = navigationbar.png; sourceTree = "<group>"; };
		5FDAD1D2179ECEAC00D81935 /* navigationbar@2x.png */ = {isa = PBXFileReference; lastKnownFileType = image.png; path = "navigationbar@2x.png"; sourceTree = "<group>"; };
		5FDAD1D3179ECEAC00D81935 /* pin-multiple-special.png */ = {isa = PBXFileReference; lastKnownFileType = image.png; path = "pin-multiple-special.png"; sourceTree = "<group>"; };
		5FDAD1D4179ECEAC00D81935 /* pin-multiple-special@2x.png */ = {isa = PBXFileReference; lastKnownFileType = image.png; path = "pin-multiple-special@2x.png"; sourceTree = "<group>"; };
		5FDAD1D5179ECEAC00D81935 /* pin-multiple.png */ = {isa = PBXFileReference; lastKnownFileType = image.png; path = "pin-multiple.png"; sourceTree = "<group>"; };
		5FDAD1D6179ECEAC00D81935 /* pin-multiple@2x.png */ = {isa = PBXFileReference; lastKnownFileType = image.png; path = "pin-multiple@2x.png"; sourceTree = "<group>"; };
		5FDAD1D7179ECEAC00D81935 /* pin-single-special.png */ = {isa = PBXFileReference; lastKnownFileType = image.png; path = "pin-single-special.png"; sourceTree = "<group>"; };
		5FDAD1D8179ECEAC00D81935 /* pin-single-special@2x.png */ = {isa = PBXFileReference; lastKnownFileType = image.png; path = "pin-single-special@2x.png"; sourceTree = "<group>"; };
		5FDAD1D9179ECEAC00D81935 /* pin-single.png */ = {isa = PBXFileReference; lastKnownFileType = image.png; path = "pin-single.png"; sourceTree = "<group>"; };
		5FDAD1DA179ECEAC00D81935 /* pin-single@2x.png */ = {isa = PBXFileReference; lastKnownFileType = image.png; path = "pin-single@2x.png"; sourceTree = "<group>"; };
		5FDAD1DB179ECEAC00D81935 /* special-banner-big.png */ = {isa = PBXFileReference; lastKnownFileType = image.png; path = "special-banner-big.png"; sourceTree = "<group>"; };
		5FDAD1DC179ECEAC00D81935 /* special-banner-big@2x.png */ = {isa = PBXFileReference; lastKnownFileType = image.png; path = "special-banner-big@2x.png"; sourceTree = "<group>"; };
		5FDAD1DD179ECEAC00D81935 /* special-banner.png */ = {isa = PBXFileReference; lastKnownFileType = image.png; path = "special-banner.png"; sourceTree = "<group>"; };
		5FDAD1DE179ECEAC00D81935 /* special-banner@2x.png */ = {isa = PBXFileReference; lastKnownFileType = image.png; path = "special-banner@2x.png"; sourceTree = "<group>"; };
		5FDAD1DF179ECEAC00D81935 /* status_view_whoshere.png */ = {isa = PBXFileReference; lastKnownFileType = image.png; path = status_view_whoshere.png; sourceTree = "<group>"; };
		5FDAD1E0179ECEAC00D81935 /* status_view_whoshere@2x.png */ = {isa = PBXFileReference; lastKnownFileType = image.png; path = "status_view_whoshere@2x.png"; sourceTree = "<group>"; };
		5FDAD1E1179ECEAC00D81935 /* venue-specialbanner.png */ = {isa = PBXFileReference; lastKnownFileType = image.png; path = "venue-specialbanner.png"; sourceTree = "<group>"; };
		5FDAD1E2179ECEAC00D81935 /* venue-specialbanner@2x.png */ = {isa = PBXFileReference; lastKnownFileType = image.png; path = "venue-specialbanner@2x.png"; sourceTree = "<group>"; };
		5FDAD213179ECEB300D81935 /* FTViewController.h */ = {isa = PBXFileReference; fileEncoding = 4; lastKnownFileType = sourcecode.c.h; path = FTViewController.h; sourceTree = "<group>"; };
		5FDAD214179ECEB300D81935 /* FTViewController.m */ = {isa = PBXFileReference; fileEncoding = 4; lastKnownFileType = sourcecode.c.objc; path = FTViewController.m; sourceTree = "<group>"; };
		5FDAD218179ECEB300D81935 /* FoursquareTest-Prefix.pch */ = {isa = PBXFileReference; fileEncoding = 4; lastKnownFileType = sourcecode.c.h; path = "FoursquareTest-Prefix.pch"; sourceTree = "<group>"; };
		5FDAD219179ECEB300D81935 /* FTAppDelegate.h */ = {isa = PBXFileReference; fileEncoding = 4; lastKnownFileType = sourcecode.c.h; path = FTAppDelegate.h; sourceTree = "<group>"; };
		5FDAD21A179ECEB300D81935 /* FTAppDelegate.m */ = {isa = PBXFileReference; fileEncoding = 4; lastKnownFileType = sourcecode.c.objc; path = FTAppDelegate.m; sourceTree = "<group>"; };
		5FDAD21B179ECEB300D81935 /* main.m */ = {isa = PBXFileReference; fileEncoding = 4; lastKnownFileType = sourcecode.c.objc; path = main.m; sourceTree = "<group>"; };
		5FDAD223179ECEBF00D81935 /* AFHTTPClient.h */ = {isa = PBXFileReference; fileEncoding = 4; lastKnownFileType = sourcecode.c.h; path = AFHTTPClient.h; sourceTree = "<group>"; };
		5FDAD224179ECEBF00D81935 /* AFHTTPClient.m */ = {isa = PBXFileReference; fileEncoding = 4; lastKnownFileType = sourcecode.c.objc; path = AFHTTPClient.m; sourceTree = "<group>"; };
		5FDAD225179ECEBF00D81935 /* AFHTTPRequestOperation.h */ = {isa = PBXFileReference; fileEncoding = 4; lastKnownFileType = sourcecode.c.h; path = AFHTTPRequestOperation.h; sourceTree = "<group>"; };
		5FDAD226179ECEBF00D81935 /* AFHTTPRequestOperation.m */ = {isa = PBXFileReference; fileEncoding = 4; lastKnownFileType = sourcecode.c.objc; path = AFHTTPRequestOperation.m; sourceTree = "<group>"; };
		5FDAD227179ECEBF00D81935 /* AFImageRequestOperation.h */ = {isa = PBXFileReference; fileEncoding = 4; lastKnownFileType = sourcecode.c.h; path = AFImageRequestOperation.h; sourceTree = "<group>"; };
		5FDAD228179ECEBF00D81935 /* AFImageRequestOperation.m */ = {isa = PBXFileReference; fileEncoding = 4; lastKnownFileType = sourcecode.c.objc; path = AFImageRequestOperation.m; sourceTree = "<group>"; };
		5FDAD229179ECEBF00D81935 /* AFJSONRequestOperation.h */ = {isa = PBXFileReference; fileEncoding = 4; lastKnownFileType = sourcecode.c.h; path = AFJSONRequestOperation.h; sourceTree = "<group>"; };
		5FDAD22A179ECEBF00D81935 /* AFJSONRequestOperation.m */ = {isa = PBXFileReference; fileEncoding = 4; lastKnownFileType = sourcecode.c.objc; path = AFJSONRequestOperation.m; sourceTree = "<group>"; };
		5FDAD22B179ECEBF00D81935 /* AFNetworkActivityIndicatorManager.h */ = {isa = PBXFileReference; fileEncoding = 4; lastKnownFileType = sourcecode.c.h; path = AFNetworkActivityIndicatorManager.h; sourceTree = "<group>"; };
		5FDAD22C179ECEBF00D81935 /* AFNetworkActivityIndicatorManager.m */ = {isa = PBXFileReference; fileEncoding = 4; lastKnownFileType = sourcecode.c.objc; path = AFNetworkActivityIndicatorManager.m; sourceTree = "<group>"; };
		5FDAD22D179ECEBF00D81935 /* AFNetworking.h */ = {isa = PBXFileReference; fileEncoding = 4; lastKnownFileType = sourcecode.c.h; path = AFNetworking.h; sourceTree = "<group>"; };
		5FDAD22E179ECEBF00D81935 /* AFPropertyListRequestOperation.h */ = {isa = PBXFileReference; fileEncoding = 4; lastKnownFileType = sourcecode.c.h; path = AFPropertyListRequestOperation.h; sourceTree = "<group>"; };
		5FDAD22F179ECEBF00D81935 /* AFPropertyListRequestOperation.m */ = {isa = PBXFileReference; fileEncoding = 4; lastKnownFileType = sourcecode.c.objc; path = AFPropertyListRequestOperation.m; sourceTree = "<group>"; };
		5FDAD230179ECEBF00D81935 /* AFURLConnectionOperation.h */ = {isa = PBXFileReference; fileEncoding = 4; lastKnownFileType = sourcecode.c.h; path = AFURLConnectionOperation.h; sourceTree = "<group>"; };
		5FDAD231179ECEBF00D81935 /* AFURLConnectionOperation.m */ = {isa = PBXFileReference; fileEncoding = 4; lastKnownFileType = sourcecode.c.objc; path = AFURLConnectionOperation.m; sourceTree = "<group>"; };
		5FDAD232179ECEBF00D81935 /* AFXMLRequestOperation.h */ = {isa = PBXFileReference; fileEncoding = 4; lastKnownFileType = sourcecode.c.h; path = AFXMLRequestOperation.h; sourceTree = "<group>"; };
		5FDAD233179ECEBF00D81935 /* AFXMLRequestOperation.m */ = {isa = PBXFileReference; fileEncoding = 4; lastKnownFileType = sourcecode.c.objc; path = AFXMLRequestOperation.m; sourceTree = "<group>"; };
		5FDAD234179ECEBF00D81935 /* UIImageView+AFNetworking.h */ = {isa = PBXFileReference; fileEncoding = 4; lastKnownFileType = sourcecode.c.h; path = "UIImageView+AFNetworking.h"; sourceTree = "<group>"; };
		5FDAD235179ECEBF00D81935 /* UIImageView+AFNetworking.m */ = {isa = PBXFileReference; fileEncoding = 4; lastKnownFileType = sourcecode.c.objc; path = "UIImageView+AFNetworking.m"; sourceTree = "<group>"; };
		5FDAD237179ECEBF00D81935 /* Reachability.h */ = {isa = PBXFileReference; fileEncoding = 4; lastKnownFileType = sourcecode.c.h; path = Reachability.h; sourceTree = "<group>"; };
		5FDAD238179ECEBF00D81935 /* Reachability.m */ = {isa = PBXFileReference; fileEncoding = 4; lastKnownFileType = sourcecode.c.objc; path = Reachability.m; sourceTree = "<group>"; };
		5FDAD243179ECED300D81935 /* Icon.png */ = {isa = PBXFileReference; lastKnownFileType = image.png; name = Icon.png; path = ../../../Icon.png; sourceTree = "<group>"; };
		5FDAD245179ECEDD00D81935 /* Icon@2x.png */ = {isa = PBXFileReference; lastKnownFileType = image.png; name = "Icon@2x.png"; path = "../../../Icon@2x.png"; sourceTree = "<group>"; };
		5FDAD247179ECF6E00D81935 /* FoursquareTest-Info.plist */ = {isa = PBXFileReference; fileEncoding = 4; lastKnownFileType = text.plist.xml; path = "FoursquareTest-Info.plist"; sourceTree = "<group>"; };
		5FDAD249179ED72800D81935 /* MobileCoreServices.framework */ = {isa = PBXFileReference; lastKnownFileType = wrapper.framework; name = MobileCoreServices.framework; path = System/Library/Frameworks/MobileCoreServices.framework; sourceTree = SDKROOT; };
		5FDAD24B179ED72E00D81935 /* CoreLocation.framework */ = {isa = PBXFileReference; lastKnownFileType = wrapper.framework; name = CoreLocation.framework; path = System/Library/Frameworks/CoreLocation.framework; sourceTree = SDKROOT; };
		5FDAD24D179ED73800D81935 /* SystemConfiguration.framework */ = {isa = PBXFileReference; lastKnownFileType = wrapper.framework; name = SystemConfiguration.framework; path = System/Library/Frameworks/SystemConfiguration.framework; sourceTree = SDKROOT; };
		5FDAD24F179ED74F00D81935 /* Security.framework */ = {isa = PBXFileReference; lastKnownFileType = wrapper.framework; name = Security.framework; path = System/Library/Frameworks/Security.framework; sourceTree = SDKROOT; };
		5FDAD278179F016200D81935 /* Constants.h */ = {isa = PBXFileReference; fileEncoding = 4; lastKnownFileType = sourcecode.c.h; path = Constants.h; sourceTree = "<group>"; };
		5FDAD27B179F06B300D81935 /* MapKit.framework */ = {isa = PBXFileReference; lastKnownFileType = wrapper.framework; name = MapKit.framework; path = System/Library/Frameworks/MapKit.framework; sourceTree = SDKROOT; };
		5FDAD27D179F098B00D81935 /* FTDataManager.h */ = {isa = PBXFileReference; fileEncoding = 4; lastKnownFileType = sourcecode.c.h; path = FTDataManager.h; sourceTree = "<group>"; };
		5FDAD27E179F098B00D81935 /* FTDataManager.m */ = {isa = PBXFileReference; fileEncoding = 4; lastKnownFileType = sourcecode.c.objc; path = FTDataManager.m; sourceTree = "<group>"; };
		5FDAD280179F110800D81935 /* FTVenueTableCell.h */ = {isa = PBXFileReference; fileEncoding = 4; lastKnownFileType = sourcecode.c.h; path = FTVenueTableCell.h; sourceTree = "<group>"; };
		5FDAD281179F110800D81935 /* FTVenueTableCell.m */ = {isa = PBXFileReference; fileEncoding = 4; lastKnownFileType = sourcecode.c.objc; path = FTVenueTableCell.m; sourceTree = "<group>"; };
		5FDAD285179F26BF00D81935 /* table-cell-bottom.png */ = {isa = PBXFileReference; lastKnownFileType = image.png; path = "table-cell-bottom.png"; sourceTree = "<group>"; };
		5FDAD286179F26BF00D81935 /* table-cell-middle.png */ = {isa = PBXFileReference; lastKnownFileType = image.png; path = "table-cell-middle.png"; sourceTree = "<group>"; };
		5FDAD287179F26BF00D81935 /* table-cell-single.png */ = {isa = PBXFileReference; lastKnownFileType = image.png; path = "table-cell-single.png"; sourceTree = "<group>"; };
		5FDAD288179F26BF00D81935 /* table-cell-top.png */ = {isa = PBXFileReference; lastKnownFileType = image.png; path = "table-cell-top.png"; sourceTree = "<group>"; };
		5FDAD28F179F334C00D81935 /* ru */ = {isa = PBXFileReference; lastKnownFileType = text.plist.strings; name = ru; path = ru.lproj/InfoPlist.strings; sourceTree = "<group>"; };
		5FDAD291179F337A00D81935 /* en */ = {isa = PBXFileReference; lastKnownFileType = file; name = en; path = en.lproj/Localizable.strings; sourceTree = "<group>"; };
		5FDAD293179F337F00D81935 /* ru */ = {isa = PBXFileReference; lastKnownFileType = file; name = ru; path = ru.lproj/Localizable.strings; sourceTree = "<group>"; };
		5FDAD294179F34DD00D81935 /* cancel-bg-pressed.png */ = {isa = PBXFileReference; lastKnownFileType = image.png; path = "cancel-bg-pressed.png"; sourceTree = "<group>"; };
		5FDAD295179F34DD00D81935 /* cancel-bg-pressed@2x.png */ = {isa = PBXFileReference; lastKnownFileType = image.png; path = "cancel-bg-pressed@2x.png"; sourceTree = "<group>"; };
		5FDAD296179F34DD00D81935 /* cancel-bg.png */ = {isa = PBXFileReference; lastKnownFileType = image.png; path = "cancel-bg.png"; sourceTree = "<group>"; };
		5FDAD297179F34DD00D81935 /* cancel-bg@2x.png */ = {isa = PBXFileReference; lastKnownFileType = image.png; path = "cancel-bg@2x.png"; sourceTree = "<group>"; };
		5FDAD29C179F37BC00D81935 /* ru */ = {isa = PBXFileReference; lastKnownFileType = file.xib; name = ru; path = ru.lproj/FTViewController.xib; sourceTree = "<group>"; };
		5FDAD29D179F421A00D81935 /* FTAuxTableViewController.h */ = {isa = PBXFileReference; fileEncoding = 4; lastKnownFileType = sourcecode.c.h; path = FTAuxTableViewController.h; sourceTree = "<group>"; };
		5FDAD29E179F421A00D81935 /* FTAuxTableViewController.m */ = {isa = PBXFileReference; fileEncoding = 4; lastKnownFileType = sourcecode.c.objc; path = FTAuxTableViewController.m; sourceTree = "<group>"; };
		5FDAD2A1179F481B00D81935 /* EGORefreshTableHeaderView.h */ = {isa = PBXFileReference; fileEncoding = 4; lastKnownFileType = sourcecode.c.h; path = EGORefreshTableHeaderView.h; sourceTree = "<group>"; };
		5FDAD2A2179F481B00D81935 /* EGORefreshTableHeaderView.m */ = {isa = PBXFileReference; fileEncoding = 4; lastKnownFileType = sourcecode.c.objc; path = EGORefreshTableHeaderView.m; sourceTree = "<group>"; };
		5FDAD2A4179F62AF00D81935 /* FTUtilities.h */ = {isa = PBXFileReference; fileEncoding = 4; lastKnownFileType = sourcecode.c.h; path = FTUtilities.h; sourceTree = "<group>"; };
		5FDAD2A5179F62AF00D81935 /* FTUtilities.m */ = {isa = PBXFileReference; fileEncoding = 4; lastKnownFileType = sourcecode.c.objc; path = FTUtilities.m; sourceTree = "<group>"; };
		5FDAD2A7179F6ABC00D81935 /* search-field.png */ = {isa = PBXFileReference; lastKnownFileType = image.png; path = "search-field.png"; sourceTree = "<group>"; };
		5FDAD2A8179F6ABC00D81935 /* search-field@2x.png */ = {isa = PBXFileReference; lastKnownFileType = image.png; path = "search-field@2x.png"; sourceTree = "<group>"; };
		5FDAD2AB179F7D6400D81935 /* table-cell-bottom-sel.png */ = {isa = PBXFileReference; lastKnownFileType = image.png; path = "table-cell-bottom-sel.png"; sourceTree = "<group>"; };
		5FDAD2AC179F7D6400D81935 /* table-cell-middle-sel.png */ = {isa = PBXFileReference; lastKnownFileType = image.png; path = "table-cell-middle-sel.png"; sourceTree = "<group>"; };
		5FDAD2AD179F7D6400D81935 /* table-cell-single-sel.png */ = {isa = PBXFileReference; lastKnownFileType = image.png; path = "table-cell-single-sel.png"; sourceTree = "<group>"; };
		5FDAD2AE179F7D6400D81935 /* table-cell-top-sel.png */ = {isa = PBXFileReference; lastKnownFileType = image.png; path = "table-cell-top-sel.png"; sourceTree = "<group>"; };
		5FDAD2B3179F7EA300D81935 /* separator.png */ = {isa = PBXFileReference; lastKnownFileType = image.png; path = separator.png; sourceTree = "<group>"; };
		5FDAD2B5179F862E00D81935 /* QuartzCore.framework */ = {isa = PBXFileReference; lastKnownFileType = wrapper.framework; name = QuartzCore.framework; path = System/Library/Frameworks/QuartzCore.framework; sourceTree = SDKROOT; };
		5FDAD2B7179F873C00D81935 /* venue-img-bg.png */ = {isa = PBXFileReference; lastKnownFileType = image.png; path = "venue-img-bg.png"; sourceTree = "<group>"; };
		5FDAD2B8179F873C00D81935 /* venue-img-bg@2x.png */ = {isa = PBXFileReference; lastKnownFileType = image.png; path = "venue-img-bg@2x.png"; sourceTree = "<group>"; };
		5FDAD2BB179F891600D81935 /* category-none.png */ = {isa = PBXFileReference; lastKnownFileType = image.png; path = "category-none.png"; sourceTree = "<group>"; };
		5FDAD2BC179F891600D81935 /* category-none@2x.png */ = {isa = PBXFileReference; lastKnownFileType = image.png; path = "category-none@2x.png"; sourceTree = "<group>"; };
		5FDAD2BF179FA0DE00D81935 /* FTVenueTableCell.xib */ = {isa = PBXFileReference; fileEncoding = 4; lastKnownFileType = file.xib; path = FTVenueTableCell.xib; sourceTree = "<group>"; };
		5FDAD2C1179FB99000D81935 /* MKMapView+Zooming.h */ = {isa = PBXFileReference; fileEncoding = 4; lastKnownFileType = sourcecode.c.h; path = "MKMapView+Zooming.h"; sourceTree = "<group>"; };
		5FDAD2C2179FB99100D81935 /* MKMapView+Zooming.m */ = {isa = PBXFileReference; fileEncoding = 4; lastKnownFileType = sourcecode.c.objc; path = "MKMapView+Zooming.m"; sourceTree = "<group>"; };
		5FDAD2C5179FBB4600D81935 /* English Bay.gpx */ = {isa = PBXFileReference; fileEncoding = 4; lastKnownFileType = text.xml; path = "English Bay.gpx"; sourceTree = "<group>"; };
		5FDAD2C6179FBB4600D81935 /* Pacific Spirit Park.gpx */ = {isa = PBXFileReference; fileEncoding = 4; lastKnownFileType = text.xml; path = "Pacific Spirit Park.gpx"; sourceTree = "<group>"; };
		5FDAD2C7179FBB4600D81935 /* Somewhere in Vancouver.gpx */ = {isa = PBXFileReference; fileEncoding = 4; lastKnownFileType = text.xml; path = "Somewhere in Vancouver.gpx"; sourceTree = "<group>"; };
		5FDAD2C8179FBB4600D81935 /* Челябинск, Кирова.gpx */ = {isa = PBXFileReference; fileEncoding = 4; lastKnownFileType = text.xml; path = "Челябинск, Кирова.gpx"; sourceTree = "<group>"; };
		5FDAD2C9179FBB4600D81935 /* Bresje, Jagodina.gpx */ = {isa = PBXFileReference; fileEncoding = 4; lastKnownFileType = text.xml; path = "Bresje, Jagodina.gpx"; sourceTree = "<group>"; };
		5FDAD2CF179FC37C00D81935 /* FTAnnotation.h */ = {isa = PBXFileReference; fileEncoding = 4; lastKnownFileType = sourcecode.c.h; path = FTAnnotation.h; sourceTree = "<group>"; };
		5FDAD2D0179FC37C00D81935 /* FTAnnotation.m */ = {isa = PBXFileReference; fileEncoding = 4; lastKnownFileType = sourcecode.c.objc; path = FTAnnotation.m; sourceTree = "<group>"; };
/* End PBXFileReference section */

/* Begin PBXFrameworksBuildPhase section */
		5FDAD189179EAB4F00D81935 /* Frameworks */ = {
			isa = PBXFrameworksBuildPhase;
			buildActionMask = 2147483647;
			files = (
				5FDAD2B6179F862E00D81935 /* QuartzCore.framework in Frameworks */,
				5FDAD27C179F06B300D81935 /* MapKit.framework in Frameworks */,
				5FDAD250179ED74F00D81935 /* Security.framework in Frameworks */,
				5FDAD24E179ED73800D81935 /* SystemConfiguration.framework in Frameworks */,
				5FDAD24C179ED72E00D81935 /* CoreLocation.framework in Frameworks */,
				5FDAD24A179ED72800D81935 /* MobileCoreServices.framework in Frameworks */,
				5FDAD190179EAB4F00D81935 /* UIKit.framework in Frameworks */,
				5FDAD192179EAB4F00D81935 /* Foundation.framework in Frameworks */,
				5FDAD194179EAB4F00D81935 /* CoreGraphics.framework in Frameworks */,
			);
			runOnlyForDeploymentPostprocessing = 0;
		};
/* End PBXFrameworksBuildPhase section */

/* Begin PBXGroup section */
		5FDAD183179EAB4F00D81935 = {
			isa = PBXGroup;
			children = (
				5FDAD195179EAB4F00D81935 /* FoursquareTest */,
				5FDAD18E179EAB4F00D81935 /* Frameworks */,
				5FDAD18D179EAB4F00D81935 /* Products */,
			);
			sourceTree = "<group>";
		};
		5FDAD18D179EAB4F00D81935 /* Products */ = {
			isa = PBXGroup;
			children = (
				5FDAD18C179EAB4F00D81935 /* FoursquareTest.app */,
			);
			name = Products;
			sourceTree = "<group>";
		};
		5FDAD18E179EAB4F00D81935 /* Frameworks */ = {
			isa = PBXGroup;
			children = (
				5FDAD2B5179F862E00D81935 /* QuartzCore.framework */,
				5FDAD27B179F06B300D81935 /* MapKit.framework */,
				5FDAD24F179ED74F00D81935 /* Security.framework */,
				5FDAD24D179ED73800D81935 /* SystemConfiguration.framework */,
				5FDAD24B179ED72E00D81935 /* CoreLocation.framework */,
				5FDAD249179ED72800D81935 /* MobileCoreServices.framework */,
				5FDAD18F179EAB4F00D81935 /* UIKit.framework */,
				5FDAD191179EAB4F00D81935 /* Foundation.framework */,
				5FDAD193179EAB4F00D81935 /* CoreGraphics.framework */,
			);
			name = Frameworks;
			sourceTree = "<group>";
		};
		5FDAD195179EAB4F00D81935 /* FoursquareTest */ = {
			isa = PBXGroup;
			children = (
				5FDAD2C4179FBB4500D81935 /* Testing */,
				5FDAD221179ECEBF00D81935 /* Dependencies */,
				5FDAD211179ECEB300D81935 /* Classes */,
				5FDAD1B2179ECEAC00D81935 /* Assets */,
				5FDAD196179EAB4F00D81935 /* Supporting Files */,
			);
			path = FoursquareTest;
			sourceTree = "<group>";
		};
		5FDAD196179EAB4F00D81935 /* Supporting Files */ = {
			isa = PBXGroup;
			children = (
				5FDAD247179ECF6E00D81935 /* FoursquareTest-Info.plist */,
				5FDAD198179EAB4F00D81935 /* InfoPlist.strings */,
				5FDAD1A1179EAB5000D81935 /* Default.png */,
				5FDAD1A3179EAB5000D81935 /* Default@2x.png */,
				5FDAD1A5179EAB5000D81935 /* Default-568h@2x.png */,
			);
			name = "Supporting Files";
			sourceTree = "<group>";
		};
		5FDAD1B2179ECEAC00D81935 /* Assets */ = {
			isa = PBXGroup;
			children = (
				5FDAD1B3179ECEAC00D81935 /* Fonts */,
				5FDAD1B6179ECEAC00D81935 /* Images */,
			);
			path = Assets;
			sourceTree = "<group>";
		};
		5FDAD1B3179ECEAC00D81935 /* Fonts */ = {
			isa = PBXGroup;
			children = (
				5FDAD1B5179ECEAC00D81935 /* Gotham-Book.otf */,
			);
			path = Fonts;
			sourceTree = "<group>";
		};
		5FDAD1B6179ECEAC00D81935 /* Images */ = {
			isa = PBXGroup;
			children = (
				5FDAD2BB179F891600D81935 /* category-none.png */,
				5FDAD2BC179F891600D81935 /* category-none@2x.png */,
				5FDAD2B7179F873C00D81935 /* venue-img-bg.png */,
				5FDAD2B8179F873C00D81935 /* venue-img-bg@2x.png */,
				5FDAD2B3179F7EA300D81935 /* separator.png */,
				5FDAD2AB179F7D6400D81935 /* table-cell-bottom-sel.png */,
				5FDAD2AC179F7D6400D81935 /* table-cell-middle-sel.png */,
				5FDAD2AD179F7D6400D81935 /* table-cell-single-sel.png */,
				5FDAD2AE179F7D6400D81935 /* table-cell-top-sel.png */,
				5FDAD2A7179F6ABC00D81935 /* search-field.png */,
				5FDAD2A8179F6ABC00D81935 /* search-field@2x.png */,
				5FDAD294179F34DD00D81935 /* cancel-bg-pressed.png */,
				5FDAD295179F34DD00D81935 /* cancel-bg-pressed@2x.png */,
				5FDAD296179F34DD00D81935 /* cancel-bg.png */,
				5FDAD297179F34DD00D81935 /* cancel-bg@2x.png */,
				5FDAD285179F26BF00D81935 /* table-cell-bottom.png */,
				5FDAD286179F26BF00D81935 /* table-cell-middle.png */,
				5FDAD287179F26BF00D81935 /* table-cell-single.png */,
				5FDAD288179F26BF00D81935 /* table-cell-top.png */,
				5FDAD245179ECEDD00D81935 /* Icon@2x.png */,
				5FDAD243179ECED300D81935 /* Icon.png */,
				5FDAD1B7179ECEAC00D81935 /* app-bg-pattern.png */,
				5FDAD1B8179ECEAC00D81935 /* app-bg-pattern@2x.png */,
				5FDAD1BB179ECEAC00D81935 /* checkin-places-refresh-arrow-down.png */,
				5FDAD1BC179ECEAC00D81935 /* checkin-places-refresh-arrow-down@2x.png */,
				5FDAD1C1179ECEAC00D81935 /* exp-toc-search-icon.png */,
				5FDAD1C2179ECEAC00D81935 /* exp-toc-search-icon@2x.png */,
				5FDAD1C3179ECEAC00D81935 /* global-search-background.png */,
				5FDAD1C4179ECEAC00D81935 /* global-search-background@2x.png */,
				5FDAD1C5179ECEAC00D81935 /* mappin-blue-large.png */,
				5FDAD1C6179ECEAC00D81935 /* mappin-blue-large@2x.png */,
				5FDAD1C7179ECEAC00D81935 /* mappin-blue.png */,
				5FDAD1C8179ECEAC00D81935 /* mappin-blue@2x.png */,
				5FDAD1C9179ECEAC00D81935 /* mappin-orange-large.png */,
				5FDAD1CA179ECEAC00D81935 /* mappin-orange-large@2x.png */,
				5FDAD1CB179ECEAC00D81935 /* mappin-orange.png */,
				5FDAD1CC179ECEAC00D81935 /* mappin-orange@2x.png */,
				5FDAD1CD179ECEAC00D81935 /* mappin-user.png */,
				5FDAD1CE179ECEAC00D81935 /* mappin-user@2x.png */,
				5FDAD1D1179ECEAC00D81935 /* navigationbar.png */,
				5FDAD1D2179ECEAC00D81935 /* navigationbar@2x.png */,
				5FDAD1D3179ECEAC00D81935 /* pin-multiple-special.png */,
				5FDAD1D4179ECEAC00D81935 /* pin-multiple-special@2x.png */,
				5FDAD1D5179ECEAC00D81935 /* pin-multiple.png */,
				5FDAD1D6179ECEAC00D81935 /* pin-multiple@2x.png */,
				5FDAD1D7179ECEAC00D81935 /* pin-single-special.png */,
				5FDAD1D8179ECEAC00D81935 /* pin-single-special@2x.png */,
				5FDAD1D9179ECEAC00D81935 /* pin-single.png */,
				5FDAD1DA179ECEAC00D81935 /* pin-single@2x.png */,
				5FDAD1DB179ECEAC00D81935 /* special-banner-big.png */,
				5FDAD1DC179ECEAC00D81935 /* special-banner-big@2x.png */,
				5FDAD1DD179ECEAC00D81935 /* special-banner.png */,
				5FDAD1DE179ECEAC00D81935 /* special-banner@2x.png */,
				5FDAD1DF179ECEAC00D81935 /* status_view_whoshere.png */,
				5FDAD1E0179ECEAC00D81935 /* status_view_whoshere@2x.png */,
				5FDAD1E1179ECEAC00D81935 /* venue-specialbanner.png */,
				5FDAD1E2179ECEAC00D81935 /* venue-specialbanner@2x.png */,
			);
			path = Images;
			sourceTree = "<group>";
		};
		5FDAD211179ECEB300D81935 /* Classes */ = {
			isa = PBXGroup;
			children = (
				5FDAD215179ECEB300D81935 /* Model */,
				5FDAD21C179ECEB300D81935 /* Views */,
				5FDAD212179ECEB300D81935 /* Controllers */,
				5FDAD216179ECEB300D81935 /* Supporting */,
			);
			path = Classes;
			sourceTree = "<group>";
		};
		5FDAD212179ECEB300D81935 /* Controllers */ = {
			isa = PBXGroup;
			children = (
				5FDAD213179ECEB300D81935 /* FTViewController.h */,
				5FDAD214179ECEB300D81935 /* FTViewController.m */,
				5FDAD29D179F421A00D81935 /* FTAuxTableViewController.h */,
				5FDAD29E179F421A00D81935 /* FTAuxTableViewController.m */,
			);
			path = Controllers;
			sourceTree = "<group>";
		};
		5FDAD215179ECEB300D81935 /* Model */ = {
			isa = PBXGroup;
			children = (
				5FDAD278179F016200D81935 /* Constants.h */,
				5FDAD27D179F098B00D81935 /* FTDataManager.h */,
				5FDAD27E179F098B00D81935 /* FTDataManager.m */,
				5FDAD2A4179F62AF00D81935 /* FTUtilities.h */,
				5FDAD2A5179F62AF00D81935 /* FTUtilities.m */,
				5FDAD2CF179FC37C00D81935 /* FTAnnotation.h */,
				5FDAD2D0179FC37C00D81935 /* FTAnnotation.m */,
			);
			path = Model;
			sourceTree = "<group>";
		};
		5FDAD216179ECEB300D81935 /* Supporting */ = {
			isa = PBXGroup;
			children = (
				5FDAD1AA179EAB5000D81935 /* FTViewController.xib */,
				5FDAD218179ECEB300D81935 /* FoursquareTest-Prefix.pch */,
				5FDAD219179ECEB300D81935 /* FTAppDelegate.h */,
				5FDAD21A179ECEB300D81935 /* FTAppDelegate.m */,
				5FDAD21B179ECEB300D81935 /* main.m */,
				5FDAD292179F337A00D81935 /* Localizable.strings */,
				5FDAD2C1179FB99000D81935 /* MKMapView+Zooming.h */,
				5FDAD2C2179FB99100D81935 /* MKMapView+Zooming.m */,
			);
			path = Supporting;
			sourceTree = "<group>";
		};
		5FDAD21C179ECEB300D81935 /* Views */ = {
			isa = PBXGroup;
			children = (
				5FDAD280179F110800D81935 /* FTVenueTableCell.h */,
				5FDAD281179F110800D81935 /* FTVenueTableCell.m */,
				5FDAD2BF179FA0DE00D81935 /* FTVenueTableCell.xib */,
			);
			path = Views;
			sourceTree = "<group>";
		};
		5FDAD221179ECEBF00D81935 /* Dependencies */ = {
			isa = PBXGroup;
			children = (
				5FDAD2A0179F481B00D81935 /* EGOTableViewPullRefresh */,
				5FDAD222179ECEBF00D81935 /* AFNetworking */,
				5FDAD236179ECEBF00D81935 /* Reachability */,
			);
			path = Dependencies;
			sourceTree = "<group>";
		};
		5FDAD222179ECEBF00D81935 /* AFNetworking */ = {
			isa = PBXGroup;
			children = (
				5FDAD223179ECEBF00D81935 /* AFHTTPClient.h */,
				5FDAD224179ECEBF00D81935 /* AFHTTPClient.m */,
				5FDAD225179ECEBF00D81935 /* AFHTTPRequestOperation.h */,
				5FDAD226179ECEBF00D81935 /* AFHTTPRequestOperation.m */,
				5FDAD227179ECEBF00D81935 /* AFImageRequestOperation.h */,
				5FDAD228179ECEBF00D81935 /* AFImageRequestOperation.m */,
				5FDAD229179ECEBF00D81935 /* AFJSONRequestOperation.h */,
				5FDAD22A179ECEBF00D81935 /* AFJSONRequestOperation.m */,
				5FDAD22B179ECEBF00D81935 /* AFNetworkActivityIndicatorManager.h */,
				5FDAD22C179ECEBF00D81935 /* AFNetworkActivityIndicatorManager.m */,
				5FDAD22D179ECEBF00D81935 /* AFNetworking.h */,
				5FDAD22E179ECEBF00D81935 /* AFPropertyListRequestOperation.h */,
				5FDAD22F179ECEBF00D81935 /* AFPropertyListRequestOperation.m */,
				5FDAD230179ECEBF00D81935 /* AFURLConnectionOperation.h */,
				5FDAD231179ECEBF00D81935 /* AFURLConnectionOperation.m */,
				5FDAD232179ECEBF00D81935 /* AFXMLRequestOperation.h */,
				5FDAD233179ECEBF00D81935 /* AFXMLRequestOperation.m */,
				5FDAD234179ECEBF00D81935 /* UIImageView+AFNetworking.h */,
				5FDAD235179ECEBF00D81935 /* UIImageView+AFNetworking.m */,
			);
			path = AFNetworking;
			sourceTree = "<group>";
		};
		5FDAD236179ECEBF00D81935 /* Reachability */ = {
			isa = PBXGroup;
			children = (
				5FDAD237179ECEBF00D81935 /* Reachability.h */,
				5FDAD238179ECEBF00D81935 /* Reachability.m */,
			);
			path = Reachability;
			sourceTree = "<group>";
		};
		5FDAD2A0179F481B00D81935 /* EGOTableViewPullRefresh */ = {
			isa = PBXGroup;
			children = (
				5FDAD2A1179F481B00D81935 /* EGORefreshTableHeaderView.h */,
				5FDAD2A2179F481B00D81935 /* EGORefreshTableHeaderView.m */,
			);
			path = EGOTableViewPullRefresh;
			sourceTree = "<group>";
		};
		5FDAD2C4179FBB4500D81935 /* Testing */ = {
			isa = PBXGroup;
			children = (
				5FDAD2C5179FBB4600D81935 /* English Bay.gpx */,
				5FDAD2C6179FBB4600D81935 /* Pacific Spirit Park.gpx */,
				5FDAD2C7179FBB4600D81935 /* Somewhere in Vancouver.gpx */,
				5FDAD2C8179FBB4600D81935 /* Челябинск, Кирова.gpx */,
				5FDAD2C9179FBB4600D81935 /* Bresje, Jagodina.gpx */,
			);
			path = Testing;
			sourceTree = "<group>";
		};
/* End PBXGroup section */

/* Begin PBXNativeTarget section */
		5FDAD18B179EAB4F00D81935 /* FoursquareTest */ = {
			isa = PBXNativeTarget;
			buildConfigurationList = 5FDAD1AF179EAB5000D81935 /* Build configuration list for PBXNativeTarget "FoursquareTest" */;
			buildPhases = (
				5FDAD188179EAB4F00D81935 /* Sources */,
				5FDAD189179EAB4F00D81935 /* Frameworks */,
				5FDAD18A179EAB4F00D81935 /* Resources */,
			);
			buildRules = (
			);
			dependencies = (
			);
			name = FoursquareTest;
			productName = FoursquareTest;
			productReference = 5FDAD18C179EAB4F00D81935 /* FoursquareTest.app */;
			productType = "com.apple.product-type.application";
		};
/* End PBXNativeTarget section */

/* Begin PBXProject section */
		5FDAD184179EAB4F00D81935 /* Project object */ = {
			isa = PBXProject;
			attributes = {
				CLASSPREFIX = FT;
				LastUpgradeCheck = 0460;
				ORGANIZATIONNAME = "Wisebit, Ltd.";
			};
			buildConfigurationList = 5FDAD187179EAB4F00D81935 /* Build configuration list for PBXProject "FoursquareTest" */;
			compatibilityVersion = "Xcode 3.2";
			developmentRegion = English;
			hasScannedForEncodings = 0;
			knownRegions = (
				en,
				ru,
			);
			mainGroup = 5FDAD183179EAB4F00D81935;
			productRefGroup = 5FDAD18D179EAB4F00D81935 /* Products */;
			projectDirPath = "";
			projectRoot = "";
			targets = (
				5FDAD18B179EAB4F00D81935 /* FoursquareTest */,
			);
		};
/* End PBXProject section */

/* Begin PBXResourcesBuildPhase section */
		5FDAD18A179EAB4F00D81935 /* Resources */ = {
			isa = PBXResourcesBuildPhase;
			buildActionMask = 2147483647;
			files = (
				5FDAD19A179EAB4F00D81935 /* InfoPlist.strings in Resources */,
				5FDAD1A2179EAB5000D81935 /* Default.png in Resources */,
				5FDAD1A4179EAB5000D81935 /* Default@2x.png in Resources */,
				5FDAD1A6179EAB5000D81935 /* Default-568h@2x.png in Resources */,
				5FDAD1AC179EAB5000D81935 /* FTViewController.xib in Resources */,
				5FDAD1E4179ECEAC00D81935 /* Gotham-Book.otf in Resources */,
				5FDAD1E5179ECEAC00D81935 /* app-bg-pattern.png in Resources */,
				5FDAD1E6179ECEAC00D81935 /* app-bg-pattern@2x.png in Resources */,
				5FDAD1E9179ECEAC00D81935 /* checkin-places-refresh-arrow-down.png in Resources */,
				5FDAD1EA179ECEAC00D81935 /* checkin-places-refresh-arrow-down@2x.png in Resources */,
				5FDAD1EF179ECEAC00D81935 /* exp-toc-search-icon.png in Resources */,
				5FDAD1F0179ECEAC00D81935 /* exp-toc-search-icon@2x.png in Resources */,
				5FDAD1F1179ECEAC00D81935 /* global-search-background.png in Resources */,
				5FDAD1F2179ECEAC00D81935 /* global-search-background@2x.png in Resources */,
				5FDAD1F3179ECEAC00D81935 /* mappin-blue-large.png in Resources */,
				5FDAD1F4179ECEAC00D81935 /* mappin-blue-large@2x.png in Resources */,
				5FDAD1F5179ECEAC00D81935 /* mappin-blue.png in Resources */,
				5FDAD1F6179ECEAC00D81935 /* mappin-blue@2x.png in Resources */,
				5FDAD1F7179ECEAC00D81935 /* mappin-orange-large.png in Resources */,
				5FDAD1F8179ECEAC00D81935 /* mappin-orange-large@2x.png in Resources */,
				5FDAD1F9179ECEAC00D81935 /* mappin-orange.png in Resources */,
				5FDAD1FA179ECEAC00D81935 /* mappin-orange@2x.png in Resources */,
				5FDAD1FB179ECEAC00D81935 /* mappin-user.png in Resources */,
				5FDAD1FC179ECEAC00D81935 /* mappin-user@2x.png in Resources */,
				5FDAD1FF179ECEAC00D81935 /* navigationbar.png in Resources */,
				5FDAD200179ECEAC00D81935 /* navigationbar@2x.png in Resources */,
				5FDAD201179ECEAC00D81935 /* pin-multiple-special.png in Resources */,
				5FDAD202179ECEAC00D81935 /* pin-multiple-special@2x.png in Resources */,
				5FDAD203179ECEAC00D81935 /* pin-multiple.png in Resources */,
				5FDAD204179ECEAC00D81935 /* pin-multiple@2x.png in Resources */,
				5FDAD205179ECEAC00D81935 /* pin-single-special.png in Resources */,
				5FDAD206179ECEAC00D81935 /* pin-single-special@2x.png in Resources */,
				5FDAD207179ECEAC00D81935 /* pin-single.png in Resources */,
				5FDAD208179ECEAC00D81935 /* pin-single@2x.png in Resources */,
				5FDAD209179ECEAC00D81935 /* special-banner-big.png in Resources */,
				5FDAD20A179ECEAC00D81935 /* special-banner-big@2x.png in Resources */,
				5FDAD20B179ECEAC00D81935 /* special-banner.png in Resources */,
				5FDAD20C179ECEAC00D81935 /* special-banner@2x.png in Resources */,
				5FDAD20D179ECEAC00D81935 /* status_view_whoshere.png in Resources */,
				5FDAD20E179ECEAC00D81935 /* status_view_whoshere@2x.png in Resources */,
				5FDAD20F179ECEAC00D81935 /* venue-specialbanner.png in Resources */,
				5FDAD210179ECEAC00D81935 /* venue-specialbanner@2x.png in Resources */,
				5FDAD244179ECED300D81935 /* Icon.png in Resources */,
				5FDAD246179ECEDE00D81935 /* Icon@2x.png in Resources */,
				5FDAD289179F26BF00D81935 /* table-cell-bottom.png in Resources */,
				5FDAD28A179F26BF00D81935 /* table-cell-middle.png in Resources */,
				5FDAD28B179F26BF00D81935 /* table-cell-single.png in Resources */,
				5FDAD28C179F26BF00D81935 /* table-cell-top.png in Resources */,
				5FDAD290179F337A00D81935 /* Localizable.strings in Resources */,
				5FDAD298179F34DD00D81935 /* cancel-bg-pressed.png in Resources */,
				5FDAD299179F34DD00D81935 /* cancel-bg-pressed@2x.png in Resources */,
				5FDAD29A179F34DD00D81935 /* cancel-bg.png in Resources */,
				5FDAD29B179F34DD00D81935 /* cancel-bg@2x.png in Resources */,
				5FDAD2A9179F6ABC00D81935 /* search-field.png in Resources */,
				5FDAD2AA179F6ABC00D81935 /* search-field@2x.png in Resources */,
				5FDAD2AF179F7D6400D81935 /* table-cell-bottom-sel.png in Resources */,
				5FDAD2B0179F7D6400D81935 /* table-cell-middle-sel.png in Resources */,
				5FDAD2B1179F7D6400D81935 /* table-cell-single-sel.png in Resources */,
				5FDAD2B2179F7D6400D81935 /* table-cell-top-sel.png in Resources */,
				5FDAD2B4179F7EA300D81935 /* separator.png in Resources */,
				5FDAD2B9179F873C00D81935 /* venue-img-bg.png in Resources */,
				5FDAD2BA179F873C00D81935 /* venue-img-bg@2x.png in Resources */,
				5FDAD2BD179F891600D81935 /* category-none.png in Resources */,
				5FDAD2BE179F891600D81935 /* category-none@2x.png in Resources */,
				5FDAD2C0179FA0DE00D81935 /* FTVenueTableCell.xib in Resources */,
				5FDAD2CA179FBB4600D81935 /* English Bay.gpx in Resources */,
				5FDAD2CB179FBB4600D81935 /* Pacific Spirit Park.gpx in Resources */,
				5FDAD2CC179FBB4600D81935 /* Somewhere in Vancouver.gpx in Resources */,
				5FDAD2CD179FBB4600D81935 /* Челябинск, Кирова.gpx in Resources */,
				5FDAD2CE179FBB4600D81935 /* Bresje, Jagodina.gpx in Resources */,
			);
			runOnlyForDeploymentPostprocessing = 0;
		};
/* End PBXResourcesBuildPhase section */

/* Begin PBXSourcesBuildPhase section */
		5FDAD188179EAB4F00D81935 /* Sources */ = {
			isa = PBXSourcesBuildPhase;
			buildActionMask = 2147483647;
			files = (
				5FDAD21D179ECEB300D81935 /* FTViewController.m in Sources */,
				5FDAD21F179ECEB300D81935 /* FTAppDelegate.m in Sources */,
				5FDAD220179ECEB300D81935 /* main.m in Sources */,
				5FDAD239179ECEBF00D81935 /* AFHTTPClient.m in Sources */,
				5FDAD23A179ECEBF00D81935 /* AFHTTPRequestOperation.m in Sources */,
				5FDAD23B179ECEBF00D81935 /* AFImageRequestOperation.m in Sources */,
				5FDAD23C179ECEBF00D81935 /* AFJSONRequestOperation.m in Sources */,
				5FDAD23D179ECEBF00D81935 /* AFNetworkActivityIndicatorManager.m in Sources */,
				5FDAD23E179ECEBF00D81935 /* AFPropertyListRequestOperation.m in Sources */,
				5FDAD23F179ECEBF00D81935 /* AFURLConnectionOperation.m in Sources */,
				5FDAD240179ECEBF00D81935 /* AFXMLRequestOperation.m in Sources */,
				5FDAD241179ECEBF00D81935 /* UIImageView+AFNetworking.m in Sources */,
				5FDAD242179ECEBF00D81935 /* Reachability.m in Sources */,
				5FDAD27F179F098B00D81935 /* FTDataManager.m in Sources */,
				5FDAD282179F110800D81935 /* FTVenueTableCell.m in Sources */,
				5FDAD29F179F421A00D81935 /* FTAuxTableViewController.m in Sources */,
				5FDAD2A3179F481B00D81935 /* EGORefreshTableHeaderView.m in Sources */,
				5FDAD2A6179F62AF00D81935 /* FTUtilities.m in Sources */,
				5FDAD2C3179FB99200D81935 /* MKMapView+Zooming.m in Sources */,
				5FDAD2D1179FC37D00D81935 /* FTAnnotation.m in Sources */,
			);
			runOnlyForDeploymentPostprocessing = 0;
		};
/* End PBXSourcesBuildPhase section */

/* Begin PBXVariantGroup section */
		5FDAD198179EAB4F00D81935 /* InfoPlist.strings */ = {
			isa = PBXVariantGroup;
			children = (
				5FDAD199179EAB4F00D81935 /* en */,
				5FDAD28F179F334C00D81935 /* ru */,
			);
			name = InfoPlist.strings;
			sourceTree = "<group>";
		};
		5FDAD1AA179EAB5000D81935 /* FTViewController.xib */ = {
			isa = PBXVariantGroup;
			children = (
				5FDAD1AB179EAB5000D81935 /* en */,
				5FDAD29C179F37BC00D81935 /* ru */,
			);
			name = FTViewController.xib;
			path = ../..;
			sourceTree = "<group>";
		};
		5FDAD292179F337A00D81935 /* Localizable.strings */ = {
			isa = PBXVariantGroup;
			children = (
				5FDAD291179F337A00D81935 /* en */,
				5FDAD293179F337F00D81935 /* ru */,
			);
			name = Localizable.strings;
			sourceTree = "<group>";
		};
/* End PBXVariantGroup section */

/* Begin XCBuildConfiguration section */
		5FDAD1AD179EAB5000D81935 /* Debug */ = {
			isa = XCBuildConfiguration;
			buildSettings = {
				ALWAYS_SEARCH_USER_PATHS = NO;
				CLANG_CXX_LANGUAGE_STANDARD = "gnu++0x";
				CLANG_CXX_LIBRARY = "libc++";
				CLANG_WARN_CONSTANT_CONVERSION = YES;
				CLANG_WARN_EMPTY_BODY = YES;
				CLANG_WARN_ENUM_CONVERSION = YES;
				CLANG_WARN_INT_CONVERSION = YES;
				CLANG_WARN__DUPLICATE_METHOD_MATCH = YES;
				"CODE_SIGN_IDENTITY[sdk=iphoneos*]" = "iPhone Developer";
				COPY_PHASE_STRIP = NO;
				GCC_C_LANGUAGE_STANDARD = gnu99;
				GCC_DYNAMIC_NO_PIC = NO;
				GCC_OPTIMIZATION_LEVEL = 0;
				GCC_PREPROCESSOR_DEFINITIONS = (
					"DEBUG=1",
					"$(inherited)",
				);
				GCC_SYMBOLS_PRIVATE_EXTERN = NO;
				GCC_WARN_ABOUT_RETURN_TYPE = YES;
				GCC_WARN_UNINITIALIZED_AUTOS = YES;
				GCC_WARN_UNUSED_VARIABLE = YES;
				IPHONEOS_DEPLOYMENT_TARGET = 6.1;
				ONLY_ACTIVE_ARCH = YES;
				SDKROOT = iphoneos;
			};
			name = Debug;
		};
		5FDAD1AE179EAB5000D81935 /* Release */ = {
			isa = XCBuildConfiguration;
			buildSettings = {
				ALWAYS_SEARCH_USER_PATHS = NO;
				CLANG_CXX_LANGUAGE_STANDARD = "gnu++0x";
				CLANG_CXX_LIBRARY = "libc++";
				CLANG_WARN_CONSTANT_CONVERSION = YES;
				CLANG_WARN_EMPTY_BODY = YES;
				CLANG_WARN_ENUM_CONVERSION = YES;
				CLANG_WARN_INT_CONVERSION = YES;
				CLANG_WARN__DUPLICATE_METHOD_MATCH = YES;
				"CODE_SIGN_IDENTITY[sdk=iphoneos*]" = "iPhone Developer";
				COPY_PHASE_STRIP = YES;
				GCC_C_LANGUAGE_STANDARD = gnu99;
				GCC_WARN_ABOUT_RETURN_TYPE = YES;
				GCC_WARN_UNINITIALIZED_AUTOS = YES;
				GCC_WARN_UNUSED_VARIABLE = YES;
				IPHONEOS_DEPLOYMENT_TARGET = 6.1;
				OTHER_CFLAGS = "-DNS_BLOCK_ASSERTIONS=1";
				SDKROOT = iphoneos;
				VALIDATE_PRODUCT = YES;
			};
			name = Release;
		};
		5FDAD1B0179EAB5000D81935 /* Debug */ = {
			isa = XCBuildConfiguration;
			buildSettings = {
				GCC_PRECOMPILE_PREFIX_HEADER = YES;
				GCC_PREFIX_HEADER = "FoursquareTest/Classes/Supporting/FoursquareTest-Prefix.pch";
				INFOPLIST_FILE = "FoursquareTest/FoursquareTest-Info.plist";
				IPHONEOS_DEPLOYMENT_TARGET = 5.1;
				PRODUCT_NAME = "$(TARGET_NAME)";
				WRAPPER_EXTENSION = app;
			};
			name = Debug;
		};
		5FDAD1B1179EAB5000D81935 /* Release */ = {
			isa = XCBuildConfiguration;
			buildSettings = {
				GCC_PRECOMPILE_PREFIX_HEADER = YES;
				GCC_PREFIX_HEADER = "FoursquareTest/Classes/Supporting/FoursquareTest-Prefix.pch";
				INFOPLIST_FILE = "FoursquareTest/FoursquareTest-Info.plist";
				IPHONEOS_DEPLOYMENT_TARGET = 5.1;
				PRODUCT_NAME = "$(TARGET_NAME)";
				WRAPPER_EXTENSION = app;
			};
			name = Release;
		};
/* End XCBuildConfiguration section */

/* Begin XCConfigurationList section */
		5FDAD187179EAB4F00D81935 /* Build configuration list for PBXProject "FoursquareTest" */ = {
			isa = XCConfigurationList;
			buildConfigurations = (
				5FDAD1AD179EAB5000D81935 /* Debug */,
				5FDAD1AE179EAB5000D81935 /* Release */,
			);
			defaultConfigurationIsVisible = 0;
			defaultConfigurationName = Release;
		};
		5FDAD1AF179EAB5000D81935 /* Build configuration list for PBXNativeTarget "FoursquareTest" */ = {
			isa = XCConfigurationList;
			buildConfigurations = (
				5FDAD1B0179EAB5000D81935 /* Debug */,
				5FDAD1B1179EAB5000D81935 /* Release */,
			);
			defaultConfigurationIsVisible = 0;
			defaultConfigurationName = Release;
		};
/* End XCConfigurationList section */
	};
	rootObject = 5FDAD184179EAB4F00D81935 /* Project object */;
}
